
Microsoft Visual Studio Solution File, Format Version 12.00
# Visual Studio Version 17
VisualStudioVersion = 17.9.34723.18
MinimumVisualStudioVersion = 10.0.40219.1
Project("{9A19103F-16F7-4668-BE54-9A1E7A4F7556}") = "Grpc.Client", "Grpc.Client\Grpc.Client.csproj", "{E0B5ADCD-9E8A-4909-9416-44F7E8625405}"
EndProject
Project("{9A19103F-16F7-4668-BE54-9A1E7A4F7556}") = "Grpc.Server", "Grpc.Server\Grpc.Server.csproj", "{6AE63B06-316A-495F-9E6B-49A054914B9D}"
EndProject
Project("{FAE04EC0-301F-11D3-BF4B-00C04F79EFBC}") = "Grpc.Client.Chat", "Grpc.Client.Chat\Grpc.Client.Chat.csproj", "{0FBBEB90-E8FA-4E3D-9B95-E9299C20A057}"
EndProject
Global
	GlobalSection(SolutionConfigurationPlatforms) = preSolution
		Debug|Any CPU = Debug|Any CPU
		Release|Any CPU = Release|Any CPU
	EndGlobalSection
	GlobalSection(ProjectConfigurationPlatforms) = postSolution
		{E0B5ADCD-9E8A-4909-9416-44F7E8625405}.Debug|Any CPU.ActiveCfg = Debug|Any CPU
		{E0B5ADCD-9E8A-4909-9416-44F7E8625405}.Debug|Any CPU.Build.0 = Debug|Any CPU
		{E0B5ADCD-9E8A-4909-9416-44F7E8625405}.Release|Any CPU.ActiveCfg = Release|Any CPU
		{E0B5ADCD-9E8A-4909-9416-44F7E8625405}.Release|Any CPU.Build.0 = Release|Any CPU
		{6AE63B06-316A-495F-9E6B-49A054914B9D}.Debug|Any CPU.ActiveCfg = Debug|Any CPU
		{6AE63B06-316A-495F-9E6B-49A054914B9D}.Debug|Any CPU.Build.0 = Debug|Any CPU
		{6AE63B06-316A-495F-9E6B-49A054914B9D}.Release|Any CPU.ActiveCfg = Release|Any CPU
		{6AE63B06-316A-495F-9E6B-49A054914B9D}.Release|Any CPU.Build.0 = Release|Any CPU
		{0FBBEB90-E8FA-4E3D-9B95-E9299C20A057}.Debug|Any CPU.ActiveCfg = Debug|Any CPU
		{0FBBEB90-E8FA-4E3D-9B95-E9299C20A057}.Debug|Any CPU.Build.0 = Debug|Any CPU
		{0FBBEB90-E8FA-4E3D-9B95-E9299C20A057}.Release|Any CPU.ActiveCfg = Release|Any CPU
		{0FBBEB90-E8FA-4E3D-9B95-E9299C20A057}.Release|Any CPU.Build.0 = Release|Any CPU
	EndGlobalSection
	GlobalSection(SolutionProperties) = preSolution
		HideSolutionNode = FALSE
	EndGlobalSection
	GlobalSection(ExtensibilityGlobals) = postSolution
		SolutionGuid = {1696D8E6-6EAD-4C2E-B908-67A402064850}
	EndGlobalSection
EndGlobal
